
Microsoft Visual Studio Solution File, Format Version 11.00
# Visual Studio 2010
Project("{FAE04EC0-301F-11D3-BF4B-00C04F79EFBC}") = "Assembly-CSharp", "Assembly-CSharp.csproj", "{e6bdc332-25e1-2831-82c1-25d0441455a3}"
EndProject
Project("{FAE04EC0-301F-11D3-BF4B-00C04F79EFBC}") = "AstarPathfindingProject", "AstarPathfindingProject.csproj", "{4408a621-fe64-c442-f0e1-960d7f697ea8}"
EndProject
Project("{FAE04EC0-301F-11D3-BF4B-00C04F79EFBC}") = "AstarPathfindingProjectEditor", "AstarPathfindingProjectEditor.csproj", "{edebda77-4b01-c21b-0102-e658db075a49}"
EndProject
Project("{FAE04EC0-301F-11D3-BF4B-00C04F79EFBC}") = "PackageToolsEditor", "PackageToolsEditor.csproj", "{8c6a64a0-5030-4190-f3ad-ccc7630072f8}"
EndProject
Global
	GlobalSection(SolutionConfigurationPlatforms) = preSolution
		Debug|Any CPU = Debug|Any CPU
	EndGlobalSection
	GlobalSection(ProjectConfigurationPlatforms) = postSolution
		{e6bdc332-25e1-2831-82c1-25d0441455a3}.Debug|Any CPU.ActiveCfg = Debug|Any CPU
		{e6bdc332-25e1-2831-82c1-25d0441455a3}.Debug|Any CPU.Build.0 = Debug|Any CPU
		{4408a621-fe64-c442-f0e1-960d7f697ea8}.Debug|Any CPU.ActiveCfg = Debug|Any CPU
		{4408a621-fe64-c442-f0e1-960d7f697ea8}.Debug|Any CPU.Build.0 = Debug|Any CPU
		{edebda77-4b01-c21b-0102-e658db075a49}.Debug|Any CPU.ActiveCfg = Debug|Any CPU
		{edebda77-4b01-c21b-0102-e658db075a49}.Debug|Any CPU.Build.0 = Debug|Any CPU
		{8c6a64a0-5030-4190-f3ad-ccc7630072f8}.Debug|Any CPU.ActiveCfg = Debug|Any CPU
		{8c6a64a0-5030-4190-f3ad-ccc7630072f8}.Debug|Any CPU.Build.0 = Debug|Any CPU
	EndGlobalSection
	GlobalSection(SolutionProperties) = preSolution
		HideSolutionNode = FALSE
	EndGlobalSection
EndGlobal
